// !$*UTF8*$!
{
	archiveVersion = 1;
	classes = {
	};
	objectVersion = 77;
	objects = {

/* Begin PBXBuildFile section */
		0FE1720E3711517A2A1AAEEF /* SwiftTerm in Frameworks */ = {isa = PBXBuildFile; productRef = D8FA61509CBB4908CC50BD80 /* SwiftTerm */; };
		14DA06C8FA91F4BBF9DA2A86 /* iostmuxApp.swift in Sources */ = {isa = PBXBuildFile; fileRef = 1BF434C2F6CD0BBC78A7C91E /* iostmuxApp.swift */; };
		2C2FC672DC242EAC7B4BD6F0 /* VoiceInputButton.swift in Sources */ = {isa = PBXBuildFile; fileRef = 870516E7D4B76506749F00BE /* VoiceInputButton.swift */; };
		46DD88C85BFFE5FDFCD691DD /* OutputFilter.swift in Sources */ = {isa = PBXBuildFile; fileRef = 898F5B624ADCC768F00A9025 /* OutputFilter.swift */; };
		532B3EC60563080C8474D618 /* KeySetupView.swift in Sources */ = {isa = PBXBuildFile; fileRef = 458D28ADA3CFF98C62C6DB31 /* KeySetupView.swift */; };
		672D58AE40B4F7B32418E882 /* SSHService.swift in Sources */ = {isa = PBXBuildFile; fileRef = 0307F39102CE1DD54926BC19 /* SSHService.swift */; };
		7EC30D8FE0DE197E2771BE6D /* KeychainHelper.swift in Sources */ = {isa = PBXBuildFile; fileRef = D8CF908A544F523A7E9C0F16 /* KeychainHelper.swift */; };
		86FF869B67413876C6B884E0 /* Config.swift in Sources */ = {isa = PBXBuildFile; fileRef = 8A45B17ADE5DF57B1737520F /* Config.swift */; };
		A1AB801121DB19A1FD3D7237 /* Citadel in Frameworks */ = {isa = PBXBuildFile; productRef = E647007AA6AE3220C9353F2B /* Citadel */; };
		BAC1C78E6E19CF4E02ECA020 /* Project.swift in Sources */ = {isa = PBXBuildFile; fileRef = 8E418B111A04E0A671611950 /* Project.swift */; };
		C426A25CF710071FBB113D04 /* ProjectListView.swift in Sources */ = {isa = PBXBuildFile; fileRef = 753A3043866F33BDB0FE9BD1 /* ProjectListView.swift */; };
		CA803DE17D36F5A7A9DF82A5 /* TerminalViewWrapper.swift in Sources */ = {isa = PBXBuildFile; fileRef = CC01FFA5CB342C9E16E22E1C /* TerminalViewWrapper.swift */; };
		F2D0232025C495E8D625DD02 /* SessionView.swift in Sources */ = {isa = PBXBuildFile; fileRef = 9700AA91EBB8A187BD39B18B /* SessionView.swift */; };
/* End PBXBuildFile section */

/* Begin PBXFileReference section */
		0307F39102CE1DD54926BC19 /* SSHService.swift */ = {isa = PBXFileReference; lastKnownFileType = sourcecode.swift; path = SSHService.swift; sourceTree = "<group>"; };
		1BF434C2F6CD0BBC78A7C91E /* iostmuxApp.swift */ = {isa = PBXFileReference; lastKnownFileType = sourcecode.swift; path = iostmuxApp.swift; sourceTree = "<group>"; };
		458D28ADA3CFF98C62C6DB31 /* KeySetupView.swift */ = {isa = PBXFileReference; lastKnownFileType = sourcecode.swift; path = KeySetupView.swift; sourceTree = "<group>"; };
		6A60B57A7CCDD5B32599D382 /* iostmux.app */ = {isa = PBXFileReference; includeInIndex = 0; lastKnownFileType = wrapper.application; path = iostmux.app; sourceTree = BUILT_PRODUCTS_DIR; };
		753A3043866F33BDB0FE9BD1 /* ProjectListView.swift */ = {isa = PBXFileReference; lastKnownFileType = sourcecode.swift; path = ProjectListView.swift; sourceTree = "<group>"; };
		870516E7D4B76506749F00BE /* VoiceInputButton.swift */ = {isa = PBXFileReference; lastKnownFileType = sourcecode.swift; path = VoiceInputButton.swift; sourceTree = "<group>"; };
		898F5B624ADCC768F00A9025 /* OutputFilter.swift */ = {isa = PBXFileReference; lastKnownFileType = sourcecode.swift; path = OutputFilter.swift; sourceTree = "<group>"; };
		8A45B17ADE5DF57B1737520F /* Config.swift */ = {isa = PBXFileReference; lastKnownFileType = sourcecode.swift; path = Config.swift; sourceTree = "<group>"; };
		8E418B111A04E0A671611950 /* Project.swift */ = {isa = PBXFileReference; lastKnownFileType = sourcecode.swift; path = Project.swift; sourceTree = "<group>"; };
		9700AA91EBB8A187BD39B18B /* SessionView.swift */ = {isa = PBXFileReference; lastKnownFileType = sourcecode.swift; path = SessionView.swift; sourceTree = "<group>"; };
		CC01FFA5CB342C9E16E22E1C /* TerminalViewWrapper.swift */ = {isa = PBXFileReference; lastKnownFileType = sourcecode.swift; path = TerminalViewWrapper.swift; sourceTree = "<group>"; };
		D8CF908A544F523A7E9C0F16 /* KeychainHelper.swift */ = {isa = PBXFileReference; lastKnownFileType = sourcecode.swift; path = KeychainHelper.swift; sourceTree = "<group>"; };
/* End PBXFileReference section */

/* Begin PBXFrameworksBuildPhase section */
		B346DE68FC32BA2F84AACC6A /* Frameworks */ = {
			isa = PBXFrameworksBuildPhase;
			buildActionMask = 2147483647;
			files = (
				0FE1720E3711517A2A1AAEEF /* SwiftTerm in Frameworks */,
				A1AB801121DB19A1FD3D7237 /* Citadel in Frameworks */,
			);
			runOnlyForDeploymentPostprocessing = 0;
		};
/* End PBXFrameworksBuildPhase section */

/* Begin PBXGroup section */
		582AB35B62BE4238B24803D8 /* Services */ = {
			isa = PBXGroup;
			children = (
				D8CF908A544F523A7E9C0F16 /* KeychainHelper.swift */,
				898F5B624ADCC768F00A9025 /* OutputFilter.swift */,
				0307F39102CE1DD54926BC19 /* SSHService.swift */,
			);
			path = Services;
			sourceTree = "<group>";
		};
		A6B65C67A1C5D2270A4E70CA /* Models */ = {
			isa = PBXGroup;
			children = (
				8E418B111A04E0A671611950 /* Project.swift */,
			);
			path = Models;
			sourceTree = "<group>";
		};
		AE447F85FFCCDBACA420E0D8 = {
			isa = PBXGroup;
			children = (
				D2120A80358D3AA8739D1C8D /* iostmux */,
				E097477A76605A06D6D4A320 /* Products */,
			);
			sourceTree = "<group>";
		};
		D2120A80358D3AA8739D1C8D /* iostmux */ = {
			isa = PBXGroup;
			children = (
				8A45B17ADE5DF57B1737520F /* Config.swift */,
				1BF434C2F6CD0BBC78A7C91E /* iostmuxApp.swift */,
				A6B65C67A1C5D2270A4E70CA /* Models */,
				582AB35B62BE4238B24803D8 /* Services */,
				ECDC071BF0D381EA84D75B4E /* Views */,
			);
			path = iostmux;
			sourceTree = "<group>";
		};
		E097477A76605A06D6D4A320 /* Products */ = {
			isa = PBXGroup;
			children = (
				6A60B57A7CCDD5B32599D382 /* iostmux.app */,
			);
			name = Products;
			sourceTree = "<group>";
		};
		ECDC071BF0D381EA84D75B4E /* Views */ = {
			isa = PBXGroup;
			children = (
				458D28ADA3CFF98C62C6DB31 /* KeySetupView.swift */,
				753A3043866F33BDB0FE9BD1 /* ProjectListView.swift */,
				9700AA91EBB8A187BD39B18B /* SessionView.swift */,
				CC01FFA5CB342C9E16E22E1C /* TerminalViewWrapper.swift */,
				870516E7D4B76506749F00BE /* VoiceInputButton.swift */,
			);
			path = Views;
			sourceTree = "<group>";
		};
/* End PBXGroup section */

/* Begin PBXNativeTarget section */
		D2658969360DA2063ABB5E27 /* iostmux */ = {
			isa = PBXNativeTarget;
			buildConfigurationList = C13CE1E89D75CEC305325879 /* Build configuration list for PBXNativeTarget "iostmux" */;
			buildPhases = (
				A574495B9C3B848704799102 /* Sources */,
				B346DE68FC32BA2F84AACC6A /* Frameworks */,
			);
			buildRules = (
			);
			dependencies = (
			);
			name = iostmux;
			packageProductDependencies = (
				D8FA61509CBB4908CC50BD80 /* SwiftTerm */,
				E647007AA6AE3220C9353F2B /* Citadel */,
			);
			productName = iostmux;
			productReference = 6A60B57A7CCDD5B32599D382 /* iostmux.app */;
			productType = "com.apple.product-type.application";
		};
/* End PBXNativeTarget section */

/* Begin PBXProject section */
		CFDAFE326753A63130F70D06 /* Project object */ = {
			isa = PBXProject;
			attributes = {
				BuildIndependentTargetsInParallel = YES;
				LastUpgradeCheck = 1600;
			};
			buildConfigurationList = E13225CD252BCE606D0EF7D8 /* Build configuration list for PBXProject "iostmux" */;
			compatibilityVersion = "Xcode 14.0";
			developmentRegion = en;
			hasScannedForEncodings = 0;
			knownRegions = (
				Base,
				en,
			);
			mainGroup = AE447F85FFCCDBACA420E0D8;
			minimizedProjectReferenceProxies = 1;
			packageReferences = (
				349250EC30FCC892F334B84E /* XCRemoteSwiftPackageReference "Citadel" */,
				CB2B3DC85C60F866C9D72930 /* XCRemoteSwiftPackageReference "SwiftTerm" */,
			);
			preferredProjectObjectVersion = 77;
			projectDirPath = "";
			projectRoot = "";
			targets = (
				D2658969360DA2063ABB5E27 /* iostmux */,
			);
		};
/* End PBXProject section */

/* Begin PBXSourcesBuildPhase section */
		A574495B9C3B848704799102 /* Sources */ = {
			isa = PBXSourcesBuildPhase;
			buildActionMask = 2147483647;
			files = (
				86FF869B67413876C6B884E0 /* Config.swift in Sources */,
				532B3EC60563080C8474D618 /* KeySetupView.swift in Sources */,
				7EC30D8FE0DE197E2771BE6D /* KeychainHelper.swift in Sources */,
				46DD88C85BFFE5FDFCD691DD /* OutputFilter.swift in Sources */,
				BAC1C78E6E19CF4E02ECA020 /* Project.swift in Sources */,
				C426A25CF710071FBB113D04 /* ProjectListView.swift in Sources */,
				672D58AE40B4F7B32418E882 /* SSHService.swift in Sources */,
				F2D0232025C495E8D625DD02 /* SessionView.swift in Sources */,
				CA803DE17D36F5A7A9DF82A5 /* TerminalViewWrapper.swift in Sources */,
				2C2FC672DC242EAC7B4BD6F0 /* VoiceInputButton.swift in Sources */,
				14DA06C8FA91F4BBF9DA2A86 /* iostmuxApp.swift in Sources */,
			);
			runOnlyForDeploymentPostprocessing = 0;
		};
/* End PBXSourcesBuildPhase section */

/* Begin XCBuildConfiguration section */
		270FB94F144CD7E8F0C77CDB /* Debug */ = {
			isa = XCBuildConfiguration;
			buildSettings = {
				ALWAYS_SEARCH_USER_PATHS = NO;
				CLANG_ANALYZER_NONNULL = YES;
				CLANG_ANALYZER_NUMBER_OBJECT_CONVERSION = YES_AGGRESSIVE;
				CLANG_CXX_LANGUAGE_STANDARD = "gnu++14";
				CLANG_CXX_LIBRARY = "libc++";
				CLANG_ENABLE_MODULES = YES;
				CLANG_ENABLE_OBJC_ARC = YES;
				CLANG_ENABLE_OBJC_WEAK = YES;
				CLANG_WARN_BLOCK_CAPTURE_AUTORELEASING = YES;
				CLANG_WARN_BOOL_CONVERSION = YES;
				CLANG_WARN_COMMA = YES;
				CLANG_WARN_CONSTANT_CONVERSION = YES;
				CLANG_WARN_DEPRECATED_OBJC_IMPLEMENTATIONS = YES;
				CLANG_WARN_DIRECT_OBJC_ISA_USAGE = YES_ERROR;
				CLANG_WARN_DOCUMENTATION_COMMENTS = YES;
				CLANG_WARN_EMPTY_BODY = YES;
				CLANG_WARN_ENUM_CONVERSION = YES;
				CLANG_WARN_INFINITE_RECURSION = YES;
				CLANG_WARN_INT_CONVERSION = YES;
				CLANG_WARN_NON_LITERAL_NULL_CONVERSION = YES;
				CLANG_WARN_OBJC_IMPLICIT_RETAIN_SELF = YES;
				CLANG_WARN_OBJC_LITERAL_CONVERSION = YES;
				CLANG_WARN_OBJC_ROOT_CLASS = YES_ERROR;
				CLANG_WARN_QUOTED_INCLUDE_IN_FRAMEWORK_HEADER = YES;
				CLANG_WARN_RANGE_LOOP_ANALYSIS = YES;
				CLANG_WARN_STRICT_PROTOTYPES = YES;
				CLANG_WARN_SUSPICIOUS_MOVE = YES;
				CLANG_WARN_UNGUARDED_AVAILABILITY = YES_AGGRESSIVE;
				CLANG_WARN_UNREACHABLE_CODE = YES;
				CLANG_WARN__DUPLICATE_METHOD_MATCH = YES;
				COPY_PHASE_STRIP = NO;
				DEBUG_INFORMATION_FORMAT = dwarf;
				ENABLE_STRICT_OBJC_MSGSEND = YES;
				ENABLE_TESTABILITY = YES;
				GCC_C_LANGUAGE_STANDARD = gnu11;
				GCC_DYNAMIC_NO_PIC = NO;
				GCC_NO_COMMON_BLOCKS = YES;
				GCC_OPTIMIZATION_LEVEL = 0;
				GCC_PREPROCESSOR_DEFINITIONS = (
					"$(inherited)",
					"DEBUG=1",
				);
				GCC_WARN_64_TO_32_BIT_CONVERSION = YES;
				GCC_WARN_ABOUT_RETURN_TYPE = YES_ERROR;
				GCC_WARN_UNDECLARED_SELECTOR = YES;
				GCC_WARN_UNINITIALIZED_AUTOS = YES_AGGRESSIVE;
				GCC_WARN_UNUSED_FUNCTION = YES;
				GCC_WARN_UNUSED_VARIABLE = YES;
				GENERATE_INFOPLIST_FILE = YES;
				INFOPLIST_KEY_UILaunchScreen_Generation = YES;
				INFOPLIST_KEY_UISupportedInterfaceOrientations = UIInterfaceOrientationPortrait;
				IPHONEOS_DEPLOYMENT_TARGET = 17.0;
				MTL_ENABLE_DEBUG_INFO = INCLUDE_SOURCE;
				MTL_FAST_MATH = YES;
				ONLY_ACTIVE_ARCH = YES;
				PRODUCT_NAME = "$(TARGET_NAME)";
				SDKROOT = iphoneos;
				SWIFT_ACTIVE_COMPILATION_CONDITIONS = DEBUG;
				SWIFT_OPTIMIZATION_LEVEL = "-Onone";
				SWIFT_STRICT_CONCURRENCY = minimal;
				SWIFT_VERSION = 5.0;
			};
			name = Debug;
		};
		A024050641424431D1DA9601 /* Release */ = {
			isa = XCBuildConfiguration;
			buildSettings = {
				ASSETCATALOG_COMPILER_APPICON_NAME = AppIcon;
				CODE_SIGN_IDENTITY = "iPhone Developer";
				INFOPLIST_KEY_NSMicrophoneUsageDescription = "Voice input for Claude Code sessions";
				INFOPLIST_KEY_NSSpeechRecognitionUsageDescription = "Convert speech to text for terminal input";
				INFOPLIST_KEY_UIBackgroundModes = (
					fetch,
					processing,
				);
				LD_RUNPATH_SEARCH_PATHS = (
					"$(inherited)",
					"@executable_path/Frameworks",
				);
				PRODUCT_BUNDLE_IDENTIFIER = com.ming.iostmux;
				SDKROOT = iphoneos;
				TARGETED_DEVICE_FAMILY = 1;
			};
			name = Release;
		};
		BD1B303AB5BC63BCB113FE63 /* Release */ = {
			isa = XCBuildConfiguration;
			buildSettings = {
				ALWAYS_SEARCH_USER_PATHS = NO;
				CLANG_ANALYZER_NONNULL = YES;
				CLANG_ANALYZER_NUMBER_OBJECT_CONVERSION = YES_AGGRESSIVE;
				CLANG_CXX_LANGUAGE_STANDARD = "gnu++14";
				CLANG_CXX_LIBRARY = "libc++";
				CLANG_ENABLE_MODULES = YES;
				CLANG_ENABLE_OBJC_ARC = YES;
				CLANG_ENABLE_OBJC_WEAK = YES;
				CLANG_WARN_BLOCK_CAPTURE_AUTORELEASING = YES;
				CLANG_WARN_BOOL_CONVERSION = YES;
				CLANG_WARN_COMMA = YES;
				CLANG_WARN_CONSTANT_CONVERSION = YES;
				CLANG_WARN_DEPRECATED_OBJC_IMPLEMENTATIONS = YES;
				CLANG_WARN_DIRECT_OBJC_ISA_USAGE = YES_ERROR;
				CLANG_WARN_DOCUMENTATION_COMMENTS = YES;
				CLANG_WARN_EMPTY_BODY = YES;
				CLANG_WARN_ENUM_CONVERSION = YES;
				CLANG_WARN_INFINITE_RECURSION = YES;
				CLANG_WARN_INT_CONVERSION = YES;
				CLANG_WARN_NON_LITERAL_NULL_CONVERSION = YES;
				CLANG_WARN_OBJC_IMPLICIT_RETAIN_SELF = YES;
				CLANG_WARN_OBJC_LITERAL_CONVERSION = YES;
				CLANG_WARN_OBJC_ROOT_CLASS = YES_ERROR;
				CLANG_WARN_QUOTED_INCLUDE_IN_FRAMEWORK_HEADER = YES;
				CLANG_WARN_RANGE_LOOP_ANALYSIS = YES;
				CLANG_WARN_STRICT_PROTOTYPES = YES;
				CLANG_WARN_SUSPICIOUS_MOVE = YES;
				CLANG_WARN_UNGUARDED_AVAILABILITY = YES_AGGRESSIVE;
				CLANG_WARN_UNREACHABLE_CODE = YES;
				CLANG_WARN__DUPLICATE_METHOD_MATCH = YES;
				COPY_PHASE_STRIP = NO;
				DEBUG_INFORMATION_FORMAT = "dwarf-with-dsym";
				ENABLE_NS_ASSERTIONS = NO;
				ENABLE_STRICT_OBJC_MSGSEND = YES;
				GCC_C_LANGUAGE_STANDARD = gnu11;
				GCC_NO_COMMON_BLOCKS = YES;
				GCC_WARN_64_TO_32_BIT_CONVERSION = YES;
				GCC_WARN_ABOUT_RETURN_TYPE = YES_ERROR;
				GCC_WARN_UNDECLARED_SELECTOR = YES;
				GCC_WARN_UNINITIALIZED_AUTOS = YES_AGGRESSIVE;
				GCC_WARN_UNUSED_FUNCTION = YES;
				GCC_WARN_UNUSED_VARIABLE = YES;
				GENERATE_INFOPLIST_FILE = YES;
				INFOPLIST_KEY_UILaunchScreen_Generation = YES;
				INFOPLIST_KEY_UISupportedInterfaceOrientations = UIInterfaceOrientationPortrait;
				IPHONEOS_DEPLOYMENT_TARGET = 17.0;
				MTL_ENABLE_DEBUG_INFO = NO;
				MTL_FAST_MATH = YES;
				PRODUCT_NAME = "$(TARGET_NAME)";
				SDKROOT = iphoneos;
				SWIFT_COMPILATION_MODE = wholemodule;
				SWIFT_OPTIMIZATION_LEVEL = "-O";
				SWIFT_STRICT_CONCURRENCY = minimal;
				SWIFT_VERSION = 5.0;
			};
			name = Release;
		};
		EA2DEBF37A9E2F383D23CD4E /* Debug */ = {
			isa = XCBuildConfiguration;
			buildSettings = {
				ASSETCATALOG_COMPILER_APPICON_NAME = AppIcon;
				CODE_SIGN_IDENTITY = "iPhone Developer";
				INFOPLIST_KEY_NSMicrophoneUsageDescription = "Voice input for Claude Code sessions";
				INFOPLIST_KEY_NSSpeechRecognitionUsageDescription = "Convert speech to text for terminal input";
				INFOPLIST_KEY_UIBackgroundModes = (
					fetch,
					processing,
				);
				LD_RUNPATH_SEARCH_PATHS = (
					"$(inherited)",
					"@executable_path/Frameworks",
				);
				PRODUCT_BUNDLE_IDENTIFIER = com.ming.iostmux;
				SDKROOT = iphoneos;
				TARGETED_DEVICE_FAMILY = 1;
			};
			name = Debug;
		};
/* End XCBuildConfiguration section */

/* Begin XCConfigurationList section */
		C13CE1E89D75CEC305325879 /* Build configuration list for PBXNativeTarget "iostmux" */ = {
			isa = XCConfigurationList;
			buildConfigurations = (
				EA2DEBF37A9E2F383D23CD4E /* Debug */,
				A024050641424431D1DA9601 /* Release */,
			);
			defaultConfigurationIsVisible = 0;
			defaultConfigurationName = Debug;
		};
		E13225CD252BCE606D0EF7D8 /* Build configuration list for PBXProject "iostmux" */ = {
			isa = XCConfigurationList;
			buildConfigurations = (
				270FB94F144CD7E8F0C77CDB /* Debug */,
				BD1B303AB5BC63BCB113FE63 /* Release */,
			);
			defaultConfigurationIsVisible = 0;
			defaultConfigurationName = Debug;
		};
/* End XCConfigurationList section */

/* Begin XCRemoteSwiftPackageReference section */
		349250EC30FCC892F334B84E /* XCRemoteSwiftPackageReference "Citadel" */ = {
			isa = XCRemoteSwiftPackageReference;
			repositoryURL = "https://github.com/orlandos-nl/Citadel";
			requirement = {
				kind = upToNextMajorVersion;
				minimumVersion = 0.1.0;
			};
		};
		CB2B3DC85C60F866C9D72930 /* XCRemoteSwiftPackageReference "SwiftTerm" */ = {
			isa = XCRemoteSwiftPackageReference;
			repositoryURL = "https://github.com/migueldeicaza/SwiftTerm";
			requirement = {
				branch = main;
				kind = branch;
			};
		};
/* End XCRemoteSwiftPackageReference section */

/* Begin XCSwiftPackageProductDependency section */
		D8FA61509CBB4908CC50BD80 /* SwiftTerm */ = {
			isa = XCSwiftPackageProductDependency;
			package = CB2B3DC85C60F866C9D72930 /* XCRemoteSwiftPackageReference "SwiftTerm" */;
			productName = SwiftTerm;
		};
		E647007AA6AE3220C9353F2B /* Citadel */ = {
			isa = XCSwiftPackageProductDependency;
			package = 349250EC30FCC892F334B84E /* XCRemoteSwiftPackageReference "Citadel" */;
			productName = Citadel;
		};
/* End XCSwiftPackageProductDependency section */
	};
	rootObject = CFDAFE326753A63130F70D06 /* Project object */;
}
